
Microsoft Visual Studio Solution File, Format Version 12.00
# Visual Studio Version 17
VisualStudioVersion = 17.5.002.0
MinimumVisualStudioVersion = 10.0.40219.1
Project("{9A19103F-16F7-4668-BE54-9A1E7A4F7556}") = "ChatProtocolSample", "ChatProtocolSample.csproj", "{53EA173E-437C-47B6-B0F0-2AD2CEF6AAF8}"
EndProject
Global
	GlobalSection(SolutionConfigurationPlatforms) = preSolution
		Debug|Any CPU = Debug|Any CPU
		Release|Any CPU = Release|Any CPU
	EndGlobalSection
	GlobalSection(ProjectConfigurationPlatforms) = postSolution
		{53EA173E-437C-47B6-B0F0-2AD2CEF6AAF8}.Debug|Any CPU.ActiveCfg = Debug|Any CPU
		{53EA173E-437C-47B6-B0F0-2AD2CEF6AAF8}.Debug|Any CPU.Build.0 = Debug|Any CPU
		{53EA173E-437C-47B6-B0F0-2AD2CEF6AAF8}.Release|Any CPU.ActiveCfg = Release|Any CPU
		{53EA173E-437C-47B6-B0F0-2AD2CEF6AAF8}.Release|Any CPU.Build.0 = Release|Any CPU
	EndGlobalSection
	GlobalSection(SolutionProperties) = preSolution
		HideSolutionNode = FALSE
	EndGlobalSection
	GlobalSection(ExtensibilityGlobals) = postSolution
		SolutionGuid = {B3B31DF9-B404-4912-86AB-8E8EDF623305}
	EndGlobalSection
EndGlobal
