
Microsoft Visual Studio Solution File, Format Version 12.00
# Visual Studio Version 17
VisualStudioVersion = 17.9.34321.82
MinimumVisualStudioVersion = 10.0.40219.1
Project("{9A19103F-16F7-4668-BE54-9A1E7A4F7556}") = "Microsoft.AI.ChatProtocol", "src\Microsoft.AI.ChatProtocol.csproj", "{DE86D100-12D5-44C3-82EA-5115590F7ED4}"
EndProject
Project("{9A19103F-16F7-4668-BE54-9A1E7A4F7556}") = "Microsoft.AI.ChatProtocol.Test", "tests\Microsoft.AI.ChatProtocol.Test.csproj", "{4A104C84-FAAC-4312-B859-2D8533CAE21C}"
	ProjectSection(ProjectDependencies) = postProject
		{DE86D100-12D5-44C3-82EA-5115590F7ED4} = {DE86D100-12D5-44C3-82EA-5115590F7ED4}
	EndProjectSection
EndProject
Global
	GlobalSection(SolutionConfigurationPlatforms) = preSolution
		Debug|Any CPU = Debug|Any CPU
		Release|Any CPU = Release|Any CPU
	EndGlobalSection
	GlobalSection(ProjectConfigurationPlatforms) = postSolution
		{DE86D100-12D5-44C3-82EA-5115590F7ED4}.Debug|Any CPU.ActiveCfg = Debug|Any CPU
		{DE86D100-12D5-44C3-82EA-5115590F7ED4}.Debug|Any CPU.Build.0 = Debug|Any CPU
		{DE86D100-12D5-44C3-82EA-5115590F7ED4}.Release|Any CPU.ActiveCfg = Release|Any CPU
		{DE86D100-12D5-44C3-82EA-5115590F7ED4}.Release|Any CPU.Build.0 = Release|Any CPU
		{4A104C84-FAAC-4312-B859-2D8533CAE21C}.Debug|Any CPU.ActiveCfg = Debug|Any CPU
		{4A104C84-FAAC-4312-B859-2D8533CAE21C}.Debug|Any CPU.Build.0 = Debug|Any CPU
		{4A104C84-FAAC-4312-B859-2D8533CAE21C}.Release|Any CPU.ActiveCfg = Release|Any CPU
		{4A104C84-FAAC-4312-B859-2D8533CAE21C}.Release|Any CPU.Build.0 = Release|Any CPU
	EndGlobalSection
	GlobalSection(SolutionProperties) = preSolution
		HideSolutionNode = FALSE
	EndGlobalSection
	GlobalSection(ExtensibilityGlobals) = postSolution
		SolutionGuid = {8A87AEBC-3C6E-4963-A4D2-F35DB9BA8433}
	EndGlobalSection
EndGlobal
